hash: db8d620db936bb34d61b71bcfa0ee7634ae5242b1eca38174e0bcbb1b13c27db
updated: 2017-11-25T13:58:51.4680582+08:00
imports:
- name: github.com/gorilla/websocket
  version: 23059f29570f0e13fca80ef6aea0f04c11daaa4d
- name: github.com/name5566/leaf
  version: b4a5928965598cb0211ce4067f2032889fe0fb66
  subpackages:
  - chanrpc
  - cluster
  - conf
  - console
  - go
  - log
  - module
  - network
  - timer
testImports: []
